
Microsoft Visual Studio Solution File, Format Version 12.00
# Visual Studio 15
VisualStudioVersion = 15.0.26730.8
MinimumVisualStudioVersion = 10.0.40219.1
Project("{FAE04EC0-301F-11D3-BF4B-00C04F79EFBC}") = "fda_json_parser", "fda-json-parser\fda_json_parser.csproj", "{1953A826-AA1B-48C9-889A-976B7EFF7FF5}"
EndProject
Global
	GlobalSection(SolutionConfigurationPlatforms) = preSolution
		Debug|Any CPU = Debug|Any CPU
		Release|Any CPU = Release|Any CPU
	EndGlobalSection
	GlobalSection(ProjectConfigurationPlatforms) = postSolution
		{1953A826-AA1B-48C9-889A-976B7EFF7FF5}.Debug|Any CPU.ActiveCfg = Debug|Any CPU
		{1953A826-AA1B-48C9-889A-976B7EFF7FF5}.Debug|Any CPU.Build.0 = Debug|Any CPU
		{1953A826-AA1B-48C9-889A-976B7EFF7FF5}.Release|Any CPU.ActiveCfg = Release|Any CPU
		{1953A826-AA1B-48C9-889A-976B7EFF7FF5}.Release|Any CPU.Build.0 = Release|Any CPU
	EndGlobalSection
	GlobalSection(SolutionProperties) = preSolution
		HideSolutionNode = FALSE
	EndGlobalSection
	GlobalSection(ExtensibilityGlobals) = postSolution
		SolutionGuid = {8F46EBB5-5C0C-4AB2-8B0B-8419A56713E8}
	EndGlobalSection
EndGlobal
